
Microsoft Visual Studio Solution File, Format Version 12.00
# Visual Studio Version 17
VisualStudioVersion = 17.0.31903.59
MinimumVisualStudioVersion = 10.0.40219.1
Project("{2150E333-8FDC-42A3-9474-1A3956D46DE8}") = "Services", "Services", "{5854FF58-B8C5-05C6-5BF2-ACE42193F22B}"
EndProject
Project("{2150E333-8FDC-42A3-9474-1A3956D46DE8}") = "Customer", "Customer", "{897A1CA0-6674-B18F-C120-167327C55361}"
EndProject
Project("{FAE04EC0-301F-11D3-BF4B-00C04F79EFBC}") = "CloudOpsHub.Customer.Api", "Services\Customer\CloudOpsHub.Customer.Api\CloudOpsHub.Customer.Api.csproj", "{1D653DA7-EEDD-4D37-ADF5-6174429A53A7}"
EndProject
Global
	GlobalSection(SolutionConfigurationPlatforms) = preSolution
		Debug|Any CPU = Debug|Any CPU
		Debug|x64 = Debug|x64
		Debug|x86 = Debug|x86
		Release|Any CPU = Release|Any CPU
		Release|x64 = Release|x64
		Release|x86 = Release|x86
	EndGlobalSection
	GlobalSection(ProjectConfigurationPlatforms) = postSolution
		{1D653DA7-EEDD-4D37-ADF5-6174429A53A7}.Debug|Any CPU.ActiveCfg = Debug|Any CPU
		{1D653DA7-EEDD-4D37-ADF5-6174429A53A7}.Debug|Any CPU.Build.0 = Debug|Any CPU
		{1D653DA7-EEDD-4D37-ADF5-6174429A53A7}.Debug|x64.ActiveCfg = Debug|Any CPU
		{1D653DA7-EEDD-4D37-ADF5-6174429A53A7}.Debug|x64.Build.0 = Debug|Any CPU
		{1D653DA7-EEDD-4D37-ADF5-6174429A53A7}.Debug|x86.ActiveCfg = Debug|Any CPU
		{1D653DA7-EEDD-4D37-ADF5-6174429A53A7}.Debug|x86.Build.0 = Debug|Any CPU
		{1D653DA7-EEDD-4D37-ADF5-6174429A53A7}.Release|Any CPU.ActiveCfg = Release|Any CPU
		{1D653DA7-EEDD-4D37-ADF5-6174429A53A7}.Release|Any CPU.Build.0 = Release|Any CPU
		{1D653DA7-EEDD-4D37-ADF5-6174429A53A7}.Release|x64.ActiveCfg = Release|Any CPU
		{1D653DA7-EEDD-4D37-ADF5-6174429A53A7}.Release|x64.Build.0 = Release|Any CPU
		{1D653DA7-EEDD-4D37-ADF5-6174429A53A7}.Release|x86.ActiveCfg = Release|Any CPU
		{1D653DA7-EEDD-4D37-ADF5-6174429A53A7}.Release|x86.Build.0 = Release|Any CPU
	EndGlobalSection
	GlobalSection(SolutionProperties) = preSolution
		HideSolutionNode = FALSE
	EndGlobalSection
	GlobalSection(NestedProjects) = preSolution
		{897A1CA0-6674-B18F-C120-167327C55361} = {5854FF58-B8C5-05C6-5BF2-ACE42193F22B}
		{1D653DA7-EEDD-4D37-ADF5-6174429A53A7} = {897A1CA0-6674-B18F-C120-167327C55361}
	EndGlobalSection
EndGlobal
